{
  "name": "cursos",
  "lockfileVersion": 3,
  "requires": true,
  "packages": {
    "": {
      "dependencies": {
        "tar": "^4.4.13"
      },
      "devDependencies": {
        "rollup": "^4.4.0"
      }
    },
    "node_modules/@rollup/rollup-android-arm-eabi": {
      "version": "4.4.0",
      "resolved": "https://registry.npmjs.org/@rollup/rollup-android-arm-eabi/-/rollup-android-arm-eabi-4.4.0.tgz",
      "integrity": "sha512-AD30wtT58hZZsXIeiksytR6Gm2gofUxn5KqrDBdyzekgxXB9bXN9dqWIEcPfYo9lA9MVRm0lC42LuYGsscRxiA==",
      "cpu": [
        "arm"
      ],
      "dev": true,
      "optional": true,
      "os": [
        "android"
      ]
    },
    "node_modules/@rollup/rollup-android-arm64": {
      "version": "4.4.0",
      "resolved": "https://registry.npmjs.org/@rollup/rollup-android-arm64/-/rollup-android-arm64-4.4.0.tgz",
      "integrity": "sha512-PlqvhzFxy5FRTB3wLSsGgPhiakv9jrgfu8tjSojLJFP0CdhfZSRDOFvQ2emWLUEBOSCnjpL63XSuFVMwg59ZtA==",
      "cpu": [
        "arm64"
      ],
      "dev": true,
      "optional": true,
      "os": [
        "android"
      ]
    },
    "node_modules/@rollup/rollup-darwin-arm64": {
      "version": "4.4.0",
      "resolved": "https://registry.npmjs.org/@rollup/rollup-darwin-arm64/-/rollup-darwin-arm64-4.4.0.tgz",
      "integrity": "sha512-BYmhn1Hebmkmdyn5mBFy7HptowyjtMALyTpywNSNZYigWwyv4L8WQVr0XvOQE7eE6WoKrupSVxtIcGZW8MgZUA==",
      "cpu": [
        "arm64"
      ],
      "dev": true,
      "optional": true,
      "os": [
        "darwin"
      ]
    },
    "node_modules/@rollup/rollup-darwin-x64": {
      "version": "4.4.0",
      "resolved": "https://registry.npmjs.org/@rollup/rollup-darwin-x64/-/rollup-darwin-x64-4.4.0.tgz",
      "integrity": "sha512-7GXsMiX/giTDBMs/gL3rePLBRC6gV7DT7JQ0lNqoNDe5hm+Gm4NEWky9fwEmer64fIUbOsTiLUsyQ5fDXUbXPA==",
      "cpu": [
        "x64"
      ],
      "dev": true,
      "optional": true,
      "os": [
        "darwin"
      ]
    },
    "node_modules/@rollup/rollup-linux-arm-gnueabihf": {
      "version": "4.4.0",
      "resolved": "https://registry.npmjs.org/@rollup/rollup-linux-arm-gnueabihf/-/rollup-linux-arm-gnueabihf-4.4.0.tgz",
      "integrity": "sha512-kavnkaV50Gu6vESlOAwUad92wYY9mUrcaPmhzOQZKlNFnzWAUYyD/uhHmWvY7Z2chtwhWlng0LvCRBF5QiPO7w==",
      "cpu": [
        "arm"
      ],
      "dev": true,
      "optional": true,
      "os": [
        "linux"
      ]
    },
    "node_modules/@rollup/rollup-linux-arm64-gnu": {
      "version": "4.4.0",
      "resolved": "https://registry.npmjs.org/@rollup/rollup-linux-arm64-gnu/-/rollup-linux-arm64-gnu-4.4.0.tgz",
      "integrity": "sha512-2hBHEtCjnBTeuLvDAlHRCqsuFQSyAhTQs9vbZEVBTV8ap35pDI1ukPbIVFFCWNvL/KE7xRor5YZFvfyGCfvLnA==",
      "cpu": [
        "arm64"
      ],
      "dev": true,
      "optional": true,
      "os": [
        "linux"
      ]
    },
    "node_modules/@rollup/rollup-linux-arm64-musl": {
      "version": "4.4.0",
      "resolved": "https://registry.npmjs.org/@rollup/rollup-linux-arm64-musl/-/rollup-linux-arm64-musl-4.4.0.tgz",
      "integrity": "sha512-u7zy0Ygzl7O5Gvr9TSNSQj+DBzvMJC7rXfyQNgZ13KwkhgJ8z0z+gt2AO4RPd01rZioMQ2/TA24XGGg4xqhd0Q==",
      "cpu": [
        "arm64"
      ],
      "dev": true,
      "optional": true,
      "os": [
        "linux"
      ]
    },
    "node_modules/@rollup/rollup-linux-x64-gnu": {
      "version": "4.4.0",
      "resolved": "https://registry.npmjs.org/@rollup/rollup-linux-x64-gnu/-/rollup-linux-x64-gnu-4.4.0.tgz",
      "integrity": "sha512-VvpAdh5SgewmWo8sa5QPYG8aSKH9hU2Kr5+3of0GzBI/8n8PBqhLyvF0DbO+zDW8j5IM8NDebv82MpHrZaD0Cw==",
      "cpu": [
        "x64"
      ],
      "dev": true,
      "optional": true,
      "os": [
        "linux"
      ]
    },
    "node_modules/@rollup/rollup-linux-x64-musl": {
      "version": "4.4.0",
      "resolved": "https://registry.npmjs.org/@rollup/rollup-linux-x64-musl/-/rollup-linux-x64-musl-4.4.0.tgz",
      "integrity": "sha512-3g6jaXxXVFaDnFoMn2+E3ludGcXFfEr6lDn+S1lh9Qe0JcL9sPt1wGh0g2cKIlb6OakNOFopZqJ5Yub9F7gQlA==",
      "cpu": [
        "x64"
      ],
      "dev": true,
      "optional": true,
      "os": [
        "linux"
      ]
    },
    "node_modules/@rollup/rollup-win32-arm64-msvc": {
      "version": "4.4.0",
      "resolved": "https://registry.npmjs.org/@rollup/rollup-win32-arm64-msvc/-/rollup-win32-arm64-msvc-4.4.0.tgz",
      "integrity": "sha512-jnoDRkg5Ve6Y1qx2m1+ehouOLQ4ddc15/iQSfFjcDUL6bqLdJJ5c4CKfUy/C6W1oCU4la+hMkveE9GG7ECN7dg==",
      "cpu": [
        "arm64"
      ],
      "dev": true,
      "optional": true,
      "os": [
        "win32"
      ]
    },
    "node_modules/@rollup/rollup-win32-ia32-msvc": {
      "version": "4.4.0",
      "resolved": "https://registry.npmjs.org/@rollup/rollup-win32-ia32-msvc/-/rollup-win32-ia32-msvc-4.4.0.tgz",
      "integrity": "sha512-SoLQmJanozFow8o50ul2a3R+J7nk4pEhrp83PzTSXs5OzOmIZbPSp5kihtQ3f6ypo4MCbmh0V8Ev0bJIEp4Azw==",
      "cpu": [
        "ia32"
      ],
      "dev": true,
      "optional": true,
      "os": [
        "win32"
      ]
    },
    "node_modules/@rollup/rollup-win32-x64-msvc": {
      "version": "4.4.0",
      "resolved": "https://registry.npmjs.org/@rollup/rollup-win32-x64-msvc/-/rollup-win32-x64-msvc-4.4.0.tgz",
      "integrity": "sha512-Zaz6itfQ5sQF5Cia49YDW1ZTr+YfIKzTSb9npLyvQn346n7ulRDOv2J7GnL0zcOJ3cqW7HzG/ZisyO6fH43J9g==",
      "cpu": [
        "x64"
      ],
      "dev": true,
      "optional": true,
      "os": [
        "win32"
      ]
    },
    "node_modules/chownr": {
      "version": "1.1.4",
      "resolved": "https://registry.npmjs.org/chownr/-/chownr-1.1.4.tgz",
      "integrity": "sha512-jJ0bqzaylmJtVnNgzTeSOs8DPavpbYgEr/b0YL8/2GO3xJEhInFmhKMUnEJQjZumK7KXGFhUy89PrsJWlakBVg=="
    },
    "node_modules/fs-minipass": {
      "version": "1.2.7",
      "resolved": "https://registry.npmjs.org/fs-minipass/-/fs-minipass-1.2.7.tgz",
      "integrity": "sha512-GWSSJGFy4e9GUeCcbIkED+bgAoFyj7XF1mV8rma3QW4NIqX9Kyx79N/PF61H5udOV3aY1IaMLs6pGbH71nlCTA==",
      "dependencies": {
        "minipass": "^2.6.0"
      }
    },
    "node_modules/fsevents": {
      "version": "2.3.3",
      "resolved": "https://registry.npmjs.org/fsevents/-/fsevents-2.3.3.tgz",
      "integrity": "sha512-5xoDfX+fL7faATnagmWPpbFtwh/R77WmMMqqHGS65C3vvB0YHrgF+B1YmZ3441tMj5n63k0212XNoJwzlhffQw==",
      "dev": true,
      "hasInstallScript": true,
      "optional": true,
      "os": [
        "darwin"
      ],
      "engines": {
        "node": "^8.16.0 || ^10.6.0 || >=11.0.0"
      }
    },
    "node_modules/minimist": {
      "version": "1.2.8",
      "resolved": "https://registry.npmjs.org/minimist/-/minimist-1.2.8.tgz",
      "integrity": "sha512-2yyAR8qBkN3YuheJanUpWC5U3bb5osDywNB8RzDVlDwDHbocAJveqqj1u8+SVD7jkWT4yvsHCpWqqWqAxb0zCA==",
      "funding": {
        "url": "https://github.com/sponsors/ljharb"
      }
    },
    "node_modules/minipass": {
      "version": "2.9.0",
      "resolved": "https://registry.npmjs.org/minipass/-/minipass-2.9.0.tgz",
      "integrity": "sha512-wxfUjg9WebH+CUDX/CdbRlh5SmfZiy/hpkxaRI16Y9W56Pa75sWgd/rvFilSgrauD9NyFymP/+JFV3KwzIsJeg==",
      "dependencies": {
        "safe-buffer": "^5.1.2",
        "yallist": "^3.0.0"
      }
    },
    "node_modules/minizlib": {
      "version": "1.3.3",
      "resolved": "https://registry.npmjs.org/minizlib/-/minizlib-1.3.3.tgz",
      "integrity": "sha512-6ZYMOEnmVsdCeTJVE0W9ZD+pVnE8h9Hma/iOwwRDsdQoePpoX56/8B6z3P9VNwppJuBKNRuFDRNRqRWexT9G9Q==",
      "dependencies": {
        "minipass": "^2.9.0"
      }
    },
    "node_modules/mkdirp": {
      "version": "0.5.6",
      "resolved": "https://registry.npmjs.org/mkdirp/-/mkdirp-0.5.6.tgz",
      "integrity": "sha512-FP+p8RB8OWpF3YZBCrP5gtADmtXApB5AMLn+vdyA+PyxCjrCs00mjyUozssO33cwDeT3wNGdLxJ5M//YqtHAJw==",
      "dependencies": {
        "minimist": "^1.2.6"
      },
      "bin": {
        "mkdirp": "bin/cmd.js"
      }
    },
    "node_modules/rollup": {
      "version": "4.4.0",
      "resolved": "https://registry.npmjs.org/rollup/-/rollup-4.4.0.tgz",
      "integrity": "sha512-3L67ubCc1Qm49wUodsQ72FM6JmJ9M37d63rGPjxbcKrzNJrwFipl+lDNHeWd6BId09S6Tb9KiBgYKbWhIuqVyg==",
      "dev": true,
      "bin": {
        "rollup": "dist/bin/rollup"
      },
      "engines": {
        "node": ">=18.0.0",
        "npm": ">=8.0.0"
      },
      "optionalDependencies": {
        "@rollup/rollup-android-arm-eabi": "4.4.0",
        "@rollup/rollup-android-arm64": "4.4.0",
        "@rollup/rollup-darwin-arm64": "4.4.0",
        "@rollup/rollup-darwin-x64": "4.4.0",
        "@rollup/rollup-linux-arm-gnueabihf": "4.4.0",
        "@rollup/rollup-linux-arm64-gnu": "4.4.0",
        "@rollup/rollup-linux-arm64-musl": "4.4.0",
        "@rollup/rollup-linux-x64-gnu": "4.4.0",
        "@rollup/rollup-linux-x64-musl": "4.4.0",
        "@rollup/rollup-win32-arm64-msvc": "4.4.0",
        "@rollup/rollup-win32-ia32-msvc": "4.4.0",
        "@rollup/rollup-win32-x64-msvc": "4.4.0",
        "fsevents": "~2.3.2"
      }
    },
    "node_modules/safe-buffer": {
      "version": "5.2.1",
      "resolved": "https://registry.npmjs.org/safe-buffer/-/safe-buffer-5.2.1.tgz",
      "integrity": "sha512-rp3So07KcdmmKbGvgaNxQSJr7bGVSVk5S9Eq1F+ppbRo70+YeaDxkw5Dd8NPN+GD6bjnYm2VuPuCXmpuYvmCXQ==",
      "funding": [
        {
          "type": "github",
          "url": "https://github.com/sponsors/feross"
        },
        {
          "type": "patreon",
          "url": "https://www.patreon.com/feross"
        },
        {
          "type": "consulting",
          "url": "https://feross.org/support"
        }
      ]
    },
    "node_modules/tar": {
      "version": "4.4.19",
      "resolved": "https://registry.npmjs.org/tar/-/tar-4.4.19.tgz",
      "integrity": "sha512-a20gEsvHnWe0ygBY8JbxoM4w3SJdhc7ZAuxkLqh+nvNQN2IOt0B5lLgM490X5Hl8FF0dl0tOf2ewFYAlIFgzVA==",
      "dependencies": {
        "chownr": "^1.1.4",
        "fs-minipass": "^1.2.7",
        "minipass": "^2.9.0",
        "minizlib": "^1.3.3",
        "mkdirp": "^0.5.5",
        "safe-buffer": "^5.2.1",
        "yallist": "^3.1.1"
      },
      "engines": {
        "node": ">=4.5"
      }
    },
    "node_modules/yallist": {
      "version": "3.1.1",
      "resolved": "https://registry.npmjs.org/yallist/-/yallist-3.1.1.tgz",
      "integrity": "sha512-a4UGQaWPH59mOXUYnAG2ewncQS4i4F43Tv3JoAM+s2VDAmS9NsK8GpDMLrCHPksFT7h3K6TOoUNn2pb7RoXx4g=="
    }
  }
}
